// !$*UTF8*$!
{
	archiveVersion = 1;
	classes = {
	};
	objectVersion = 56;
	objects = {

/* Begin PBXBuildFile section */
		EA261996296F2D0700181690 /* UIImage+Color.swift in Sources */ = {isa = PBXBuildFile; fileRef = EA261990296F2D0600181690 /* UIImage+Color.swift */; };
		EA261997296F2D0700181690 /* UIControl+Simulation.swift in Sources */ = {isa = PBXBuildFile; fileRef = EA261991296F2D0700181690 /* UIControl+Simulation.swift */; };
		EA261998296F2D0700181690 /* FeedUIIntegrationTests+Assertions.swift in Sources */ = {isa = PBXBuildFile; fileRef = EA26198F296F2D0600181690 /* FeedUIIntegrationTests+Assertions.swift */; };
		EA26199A296F2D0700181690 /* FeedImageCell+TestHelpers.swift in Sources */ = {isa = PBXBuildFile; fileRef = EA261995296F2D0700181690 /* FeedImageCell+TestHelpers.swift */; };
		EA26199B296F2D0700181690 /* FeedUIIntegrationTests+LoaderSpy.swift in Sources */ = {isa = PBXBuildFile; fileRef = EA261994296F2D0700181690 /* FeedUIIntegrationTests+LoaderSpy.swift */; };
		EA26199C296F2D0700181690 /* ListViewController+TestHelpers.swift in Sources */ = {isa = PBXBuildFile; fileRef = EA261993296F2D0700181690 /* ListViewController+TestHelpers.swift */; };
		EA26199E296F2D0C00181690 /* FeedUIIntegrationTests.swift in Sources */ = {isa = PBXBuildFile; fileRef = EA26199D296F2D0C00181690 /* FeedUIIntegrationTests.swift */; };
		EA2619A5296F2D1500181690 /* WeakRefVirtualProxy.swift in Sources */ = {isa = PBXBuildFile; fileRef = EA2619A2296F2D1500181690 /* WeakRefVirtualProxy.swift */; };
		EA2619A7296F2D1500181690 /* FeedViewAdapter.swift in Sources */ = {isa = PBXBuildFile; fileRef = EA2619A4296F2D1500181690 /* FeedViewAdapter.swift */; };
		EA2619A8296F2D1500181690 /* LoadResourcePresentationAdapter.swift in Sources */ = {isa = PBXBuildFile; fileRef = EA26199F296F2D1500181690 /* LoadResourcePresentationAdapter.swift */; };
		EA2619A9296F2D1500181690 /* FeedUIComposer.swift in Sources */ = {isa = PBXBuildFile; fileRef = EA2619A3296F2D1500181690 /* FeedUIComposer.swift */; };
		EA2619AC296F2E5000181690 /* FeedAcceptanceTests.swift in Sources */ = {isa = PBXBuildFile; fileRef = EA2619AB296F2E5000181690 /* FeedAcceptanceTests.swift */; };
		EA2619BA296F581700181690 /* HTTPClientStub.swift in Sources */ = {isa = PBXBuildFile; fileRef = EA2619B9296F581700181690 /* HTTPClientStub.swift */; };
		EA2619BC296F585700181690 /* InMemoryFeedStore.swift in Sources */ = {isa = PBXBuildFile; fileRef = EA2619BB296F585700181690 /* InMemoryFeedStore.swift */; };
		EA2619EA2970A90F00181690 /* UIView+TestHelpers.swift in Sources */ = {isa = PBXBuildFile; fileRef = EA2619E92970A90E00181690 /* UIView+TestHelpers.swift */; };
		EA2619EC2971BAB600181690 /* CombineHelpers.swift in Sources */ = {isa = PBXBuildFile; fileRef = EA2619EB2971BAB600181690 /* CombineHelpers.swift */; };
		EA261A58297B100700181690 /* CommentsUIIntegrationTests.swift in Sources */ = {isa = PBXBuildFile; fileRef = EA261A57297B100700181690 /* CommentsUIIntegrationTests.swift */; };
		EA261A5A297B115100181690 /* CommentsUIComposer.swift in Sources */ = {isa = PBXBuildFile; fileRef = EA261A59297B115100181690 /* CommentsUIComposer.swift */; };
		EA261A5C297B238400181690 /* CommentsViewAdapter.swift in Sources */ = {isa = PBXBuildFile; fileRef = EA261A5B297B238400181690 /* CommentsViewAdapter.swift */; };
		EA261A8D297F3F7400181690 /* NullStore.swift in Sources */ = {isa = PBXBuildFile; fileRef = EA261A8C297F3F7400181690 /* NullStore.swift */; };
		EA8461B5296CA8C40050B131 /* AppDelegate.swift in Sources */ = {isa = PBXBuildFile; fileRef = EA8461B4296CA8C40050B131 /* AppDelegate.swift */; };
		EA8461B7296CA8C40050B131 /* SceneDelegate.swift in Sources */ = {isa = PBXBuildFile; fileRef = EA8461B6296CA8C40050B131 /* SceneDelegate.swift */; };
		EA8461BE296CA8C50050B131 /* Assets.xcassets in Resources */ = {isa = PBXBuildFile; fileRef = EA8461BD296CA8C50050B131 /* Assets.xcassets */; };
		EA8461C1296CA8C50050B131 /* LaunchScreen.storyboard in Resources */ = {isa = PBXBuildFile; fileRef = EA8461BF296CA8C50050B131 /* LaunchScreen.storyboard */; };
		EA8461CB296CAA200050B131 /* EssentialFeed.framework in Frameworks */ = {isa = PBXBuildFile; fileRef = EA8461C9296CAA200050B131 /* EssentialFeed.framework */; };
		EA8461CC296CAA200050B131 /* EssentialFeed.framework in Embed Frameworks */ = {isa = PBXBuildFile; fileRef = EA8461C9296CAA200050B131 /* EssentialFeed.framework */; settings = {ATTRIBUTES = (CodeSignOnCopy, RemoveHeadersOnCopy, ); }; };
		EA8461CD296CAA200050B131 /* EssentialFeediOS.framework in Frameworks */ = {isa = PBXBuildFile; fileRef = EA8461CA296CAA200050B131 /* EssentialFeediOS.framework */; };
		EA8461CE296CAA200050B131 /* EssentialFeediOS.framework in Embed Frameworks */ = {isa = PBXBuildFile; fileRef = EA8461CA296CAA200050B131 /* EssentialFeediOS.framework */; settings = {ATTRIBUTES = (CodeSignOnCopy, RemoveHeadersOnCopy, ); }; };
		EA8461ED296E3A650050B131 /* XCTestCase+MemoryLeakTracking.swift in Sources */ = {isa = PBXBuildFile; fileRef = EA8461EC296E3A650050B131 /* XCTestCase+MemoryLeakTracking.swift */; };
		EA8461EF296E3A8D0050B131 /* SharedTestHelpers.swift in Sources */ = {isa = PBXBuildFile; fileRef = EA8461EE296E3A8D0050B131 /* SharedTestHelpers.swift */; };
		EA8461F3296E3B580050B131 /* XCTestCase+FeedLoader.swift in Sources */ = {isa = PBXBuildFile; fileRef = EA8461F2296E3B580050B131 /* XCTestCase+FeedLoader.swift */; };
		EA846214296F2AEE0050B131 /* SceneDelegateTests.swift in Sources */ = {isa = PBXBuildFile; fileRef = EA846213296F2AEE0050B131 /* SceneDelegateTests.swift */; };
/* End PBXBuildFile section */

/* Begin PBXContainerItemProxy section */
		EA8461D8296CAE990050B131 /* PBXContainerItemProxy */ = {
			isa = PBXContainerItemProxy;
			containerPortal = EA8461A9296CA8C40050B131 /* Project object */;
			proxyType = 1;
			remoteGlobalIDString = EA8461B0296CA8C40050B131;
			remoteInfo = EssentialApp;
		};
/* End PBXContainerItemProxy section */

/* Begin PBXCopyFilesBuildPhase section */
		EA8461CF296CAA200050B131 /* Embed Frameworks */ = {
			isa = PBXCopyFilesBuildPhase;
			buildActionMask = 2147483647;
			dstPath = "";
			dstSubfolderSpec = 10;
			files = (
				EA8461CC296CAA200050B131 /* EssentialFeed.framework in Embed Frameworks */,
				EA8461CE296CAA200050B131 /* EssentialFeediOS.framework in Embed Frameworks */,
			);
			name = "Embed Frameworks";
			runOnlyForDeploymentPostprocessing = 0;
		};
/* End PBXCopyFilesBuildPhase section */

/* Begin PBXFileReference section */
		EA26198F296F2D0600181690 /* FeedUIIntegrationTests+Assertions.swift */ = {isa = PBXFileReference; lastKnownFileType = sourcecode.swift; path = "FeedUIIntegrationTests+Assertions.swift"; sourceTree = "<group>"; };
		EA261990296F2D0600181690 /* UIImage+Color.swift */ = {isa = PBXFileReference; lastKnownFileType = sourcecode.swift; path = "UIImage+Color.swift"; sourceTree = "<group>"; };
		EA261991296F2D0700181690 /* UIControl+Simulation.swift */ = {isa = PBXFileReference; lastKnownFileType = sourcecode.swift; path = "UIControl+Simulation.swift"; sourceTree = "<group>"; };
		EA261993296F2D0700181690 /* ListViewController+TestHelpers.swift */ = {isa = PBXFileReference; lastKnownFileType = sourcecode.swift; path = "ListViewController+TestHelpers.swift"; sourceTree = "<group>"; };
		EA261994296F2D0700181690 /* FeedUIIntegrationTests+LoaderSpy.swift */ = {isa = PBXFileReference; lastKnownFileType = sourcecode.swift; path = "FeedUIIntegrationTests+LoaderSpy.swift"; sourceTree = "<group>"; };
		EA261995296F2D0700181690 /* FeedImageCell+TestHelpers.swift */ = {isa = PBXFileReference; lastKnownFileType = sourcecode.swift; path = "FeedImageCell+TestHelpers.swift"; sourceTree = "<group>"; };
		EA26199D296F2D0C00181690 /* FeedUIIntegrationTests.swift */ = {isa = PBXFileReference; lastKnownFileType = sourcecode.swift; path = FeedUIIntegrationTests.swift; sourceTree = "<group>"; };
		EA26199F296F2D1500181690 /* LoadResourcePresentationAdapter.swift */ = {isa = PBXFileReference; lastKnownFileType = sourcecode.swift; path = LoadResourcePresentationAdapter.swift; sourceTree = "<group>"; };
		EA2619A2296F2D1500181690 /* WeakRefVirtualProxy.swift */ = {isa = PBXFileReference; lastKnownFileType = sourcecode.swift; path = WeakRefVirtualProxy.swift; sourceTree = "<group>"; };
		EA2619A3296F2D1500181690 /* FeedUIComposer.swift */ = {isa = PBXFileReference; lastKnownFileType = sourcecode.swift; path = FeedUIComposer.swift; sourceTree = "<group>"; };
		EA2619A4296F2D1500181690 /* FeedViewAdapter.swift */ = {isa = PBXFileReference; lastKnownFileType = sourcecode.swift; path = FeedViewAdapter.swift; sourceTree = "<group>"; };
		EA2619AB296F2E5000181690 /* FeedAcceptanceTests.swift */ = {isa = PBXFileReference; lastKnownFileType = sourcecode.swift; path = FeedAcceptanceTests.swift; sourceTree = "<group>"; };
		EA2619B9296F581700181690 /* HTTPClientStub.swift */ = {isa = PBXFileReference; lastKnownFileType = sourcecode.swift; path = HTTPClientStub.swift; sourceTree = "<group>"; };
		EA2619BB296F585700181690 /* InMemoryFeedStore.swift */ = {isa = PBXFileReference; lastKnownFileType = sourcecode.swift; path = InMemoryFeedStore.swift; sourceTree = "<group>"; };
		EA2619E92970A90E00181690 /* UIView+TestHelpers.swift */ = {isa = PBXFileReference; lastKnownFileType = sourcecode.swift; path = "UIView+TestHelpers.swift"; sourceTree = "<group>"; };
		EA2619EB2971BAB600181690 /* CombineHelpers.swift */ = {isa = PBXFileReference; lastKnownFileType = sourcecode.swift; path = CombineHelpers.swift; sourceTree = "<group>"; };
		EA261A57297B100700181690 /* CommentsUIIntegrationTests.swift */ = {isa = PBXFileReference; lastKnownFileType = sourcecode.swift; path = CommentsUIIntegrationTests.swift; sourceTree = "<group>"; };
		EA261A59297B115100181690 /* CommentsUIComposer.swift */ = {isa = PBXFileReference; lastKnownFileType = sourcecode.swift; path = CommentsUIComposer.swift; sourceTree = "<group>"; };
		EA261A5B297B238400181690 /* CommentsViewAdapter.swift */ = {isa = PBXFileReference; lastKnownFileType = sourcecode.swift; path = CommentsViewAdapter.swift; sourceTree = "<group>"; };
		EA261A8C297F3F7400181690 /* NullStore.swift */ = {isa = PBXFileReference; lastKnownFileType = sourcecode.swift; path = NullStore.swift; sourceTree = "<group>"; };
		EA8461B1296CA8C40050B131 /* EssentialApp.app */ = {isa = PBXFileReference; explicitFileType = wrapper.application; includeInIndex = 0; path = EssentialApp.app; sourceTree = BUILT_PRODUCTS_DIR; };
		EA8461B4296CA8C40050B131 /* AppDelegate.swift */ = {isa = PBXFileReference; lastKnownFileType = sourcecode.swift; path = AppDelegate.swift; sourceTree = "<group>"; };
		EA8461B6296CA8C40050B131 /* SceneDelegate.swift */ = {isa = PBXFileReference; lastKnownFileType = sourcecode.swift; path = SceneDelegate.swift; sourceTree = "<group>"; };
		EA8461BD296CA8C50050B131 /* Assets.xcassets */ = {isa = PBXFileReference; lastKnownFileType = folder.assetcatalog; path = Assets.xcassets; sourceTree = "<group>"; };
		EA8461C0296CA8C50050B131 /* Base */ = {isa = PBXFileReference; lastKnownFileType = file.storyboard; name = Base; path = Base.lproj/LaunchScreen.storyboard; sourceTree = "<group>"; };
		EA8461C2296CA8C50050B131 /* Info.plist */ = {isa = PBXFileReference; lastKnownFileType = text.plist.xml; path = Info.plist; sourceTree = "<group>"; };
		EA8461C9296CAA200050B131 /* EssentialFeed.framework */ = {isa = PBXFileReference; explicitFileType = wrapper.framework; path = EssentialFeed.framework; sourceTree = BUILT_PRODUCTS_DIR; };
		EA8461CA296CAA200050B131 /* EssentialFeediOS.framework */ = {isa = PBXFileReference; explicitFileType = wrapper.framework; path = EssentialFeediOS.framework; sourceTree = BUILT_PRODUCTS_DIR; };
		EA8461D4296CAE990050B131 /* EssentialAppTests.xctest */ = {isa = PBXFileReference; explicitFileType = wrapper.cfbundle; includeInIndex = 0; path = EssentialAppTests.xctest; sourceTree = BUILT_PRODUCTS_DIR; };
		EA8461EC296E3A650050B131 /* XCTestCase+MemoryLeakTracking.swift */ = {isa = PBXFileReference; lastKnownFileType = sourcecode.swift; path = "XCTestCase+MemoryLeakTracking.swift"; sourceTree = "<group>"; };
		EA8461EE296E3A8D0050B131 /* SharedTestHelpers.swift */ = {isa = PBXFileReference; lastKnownFileType = sourcecode.swift; path = SharedTestHelpers.swift; sourceTree = "<group>"; };
		EA8461F2296E3B580050B131 /* XCTestCase+FeedLoader.swift */ = {isa = PBXFileReference; lastKnownFileType = sourcecode.swift; path = "XCTestCase+FeedLoader.swift"; sourceTree = "<group>"; };
		EA846213296F2AEE0050B131 /* SceneDelegateTests.swift */ = {isa = PBXFileReference; lastKnownFileType = sourcecode.swift; path = SceneDelegateTests.swift; sourceTree = "<group>"; };
/* End PBXFileReference section */

/* Begin PBXFrameworksBuildPhase section */
		EA8461AE296CA8C40050B131 /* Frameworks */ = {
			isa = PBXFrameworksBuildPhase;
			buildActionMask = 2147483647;
			files = (
				EA8461CB296CAA200050B131 /* EssentialFeed.framework in Frameworks */,
				EA8461CD296CAA200050B131 /* EssentialFeediOS.framework in Frameworks */,
			);
			runOnlyForDeploymentPostprocessing = 0;
		};
		EA8461D1296CAE990050B131 /* Frameworks */ = {
			isa = PBXFrameworksBuildPhase;
			buildActionMask = 2147483647;
			files = (
			);
			runOnlyForDeploymentPostprocessing = 0;
		};
/* End PBXFrameworksBuildPhase section */

/* Begin PBXGroup section */
		EA8461A8296CA8C40050B131 = {
			isa = PBXGroup;
			children = (
				EA8461B3296CA8C40050B131 /* EssentialApp */,
				EA8461D5296CAE990050B131 /* EssentialAppTests */,
				EA8461B2296CA8C40050B131 /* Products */,
				EA8461C8296CAA200050B131 /* Frameworks */,
			);
			sourceTree = "<group>";
		};
		EA8461B2296CA8C40050B131 /* Products */ = {
			isa = PBXGroup;
			children = (
				EA8461B1296CA8C40050B131 /* EssentialApp.app */,
				EA8461D4296CAE990050B131 /* EssentialAppTests.xctest */,
			);
			name = Products;
			sourceTree = "<group>";
		};
		EA8461B3296CA8C40050B131 /* EssentialApp */ = {
			isa = PBXGroup;
			children = (
				EA8461B4296CA8C40050B131 /* AppDelegate.swift */,
				EA8461B6296CA8C40050B131 /* SceneDelegate.swift */,
				EA261A8C297F3F7400181690 /* NullStore.swift */,
				EA2619EB2971BAB600181690 /* CombineHelpers.swift */,
				EA2619A3296F2D1500181690 /* FeedUIComposer.swift */,
				EA261A59297B115100181690 /* CommentsUIComposer.swift */,
				EA2619A2296F2D1500181690 /* WeakRefVirtualProxy.swift */,
				EA2619A4296F2D1500181690 /* FeedViewAdapter.swift */,
				EA261A5B297B238400181690 /* CommentsViewAdapter.swift */,
				EA26199F296F2D1500181690 /* LoadResourcePresentationAdapter.swift */,
				EA8461BD296CA8C50050B131 /* Assets.xcassets */,
				EA8461BF296CA8C50050B131 /* LaunchScreen.storyboard */,
				EA8461C2296CA8C50050B131 /* Info.plist */,
			);
			path = EssentialApp;
			sourceTree = "<group>";
		};
		EA8461C8296CAA200050B131 /* Frameworks */ = {
			isa = PBXGroup;
			children = (
				EA8461C9296CAA200050B131 /* EssentialFeed.framework */,
				EA8461CA296CAA200050B131 /* EssentialFeediOS.framework */,
			);
			name = Frameworks;
			sourceTree = "<group>";
		};
		EA8461D5296CAE990050B131 /* EssentialAppTests */ = {
			isa = PBXGroup;
			children = (
				EA8461EB296E3A500050B131 /* Helpers */,
				EA846213296F2AEE0050B131 /* SceneDelegateTests.swift */,
				EA2619AB296F2E5000181690 /* FeedAcceptanceTests.swift */,
				EA26199D296F2D0C00181690 /* FeedUIIntegrationTests.swift */,
				EA261A57297B100700181690 /* CommentsUIIntegrationTests.swift */,
			);
			path = EssentialAppTests;
			sourceTree = "<group>";
		};
		EA8461EB296E3A500050B131 /* Helpers */ = {
			isa = PBXGroup;
			children = (
				EA261990296F2D0600181690 /* UIImage+Color.swift */,
				EA261991296F2D0700181690 /* UIControl+Simulation.swift */,
				EA261993296F2D0700181690 /* ListViewController+TestHelpers.swift */,
				EA261995296F2D0700181690 /* FeedImageCell+TestHelpers.swift */,
				EA261994296F2D0700181690 /* FeedUIIntegrationTests+LoaderSpy.swift */,
				EA26198F296F2D0600181690 /* FeedUIIntegrationTests+Assertions.swift */,
				EA8461F2296E3B580050B131 /* XCTestCase+FeedLoader.swift */,
				EA8461EC296E3A650050B131 /* XCTestCase+MemoryLeakTracking.swift */,
				EA8461EE296E3A8D0050B131 /* SharedTestHelpers.swift */,
				EA2619B9296F581700181690 /* HTTPClientStub.swift */,
				EA2619BB296F585700181690 /* InMemoryFeedStore.swift */,
				EA2619E92970A90E00181690 /* UIView+TestHelpers.swift */,
			);
			path = Helpers;
			sourceTree = "<group>";
		};
/* End PBXGroup section */

/* Begin PBXNativeTarget section */
		EA8461B0296CA8C40050B131 /* EssentialApp */ = {
			isa = PBXNativeTarget;
			buildConfigurationList = EA8461C5296CA8C50050B131 /* Build configuration list for PBXNativeTarget "EssentialApp" */;
			buildPhases = (
				EA8461AD296CA8C40050B131 /* Sources */,
				EA8461AE296CA8C40050B131 /* Frameworks */,
				EA8461AF296CA8C40050B131 /* Resources */,
				EA8461CF296CAA200050B131 /* Embed Frameworks */,
			);
			buildRules = (
			);
			dependencies = (
			);
			name = EssentialApp;
			productName = EssentialApp;
			productReference = EA8461B1296CA8C40050B131 /* EssentialApp.app */;
			productType = "com.apple.product-type.application";
		};
		EA8461D3296CAE990050B131 /* EssentialAppTests */ = {
			isa = PBXNativeTarget;
			buildConfigurationList = EA8461DC296CAE990050B131 /* Build configuration list for PBXNativeTarget "EssentialAppTests" */;
			buildPhases = (
				EA8461D0296CAE990050B131 /* Sources */,
				EA8461D1296CAE990050B131 /* Frameworks */,
				EA8461D2296CAE990050B131 /* Resources */,
			);
			buildRules = (
			);
			dependencies = (
				EA8461D9296CAE990050B131 /* PBXTargetDependency */,
			);
			name = EssentialAppTests;
			productName = EssentialAppTests;
			productReference = EA8461D4296CAE990050B131 /* EssentialAppTests.xctest */;
			productType = "com.apple.product-type.bundle.unit-test";
		};
/* End PBXNativeTarget section */

/* Begin PBXProject section */
		EA8461A9296CA8C40050B131 /* Project object */ = {
			isa = PBXProject;
			attributes = {
				BuildIndependentTargetsInParallel = 1;
				LastSwiftUpdateCheck = 1400;
				LastUpgradeCheck = 1500;
				TargetAttributes = {
					EA8461B0296CA8C40050B131 = {
						CreatedOnToolsVersion = 14.0.1;
					};
					EA8461D3296CAE990050B131 = {
						CreatedOnToolsVersion = 14.0.1;
						LastSwiftMigration = 1400;
						TestTargetID = EA8461B0296CA8C40050B131;
					};
				};
			};
			buildConfigurationList = EA8461AC296CA8C40050B131 /* Build configuration list for PBXProject "EssentialApp" */;
			compatibilityVersion = "Xcode 14.0";
			developmentRegion = en;
			hasScannedForEncodings = 0;
			knownRegions = (
				en,
				Base,
			);
			mainGroup = EA8461A8296CA8C40050B131;
			productRefGroup = EA8461B2296CA8C40050B131 /* Products */;
			projectDirPath = "";
			projectRoot = "";
			targets = (
				EA8461B0296CA8C40050B131 /* EssentialApp */,
				EA8461D3296CAE990050B131 /* EssentialAppTests */,
			);
		};
/* End PBXProject section */

/* Begin PBXResourcesBuildPhase section */
		EA8461AF296CA8C40050B131 /* Resources */ = {
			isa = PBXResourcesBuildPhase;
			buildActionMask = 2147483647;
			files = (
				EA8461C1296CA8C50050B131 /* LaunchScreen.storyboard in Resources */,
				EA8461BE296CA8C50050B131 /* Assets.xcassets in Resources */,
			);
			runOnlyForDeploymentPostprocessing = 0;
		};
		EA8461D2296CAE990050B131 /* Resources */ = {
			isa = PBXResourcesBuildPhase;
			buildActionMask = 2147483647;
			files = (
			);
			runOnlyForDeploymentPostprocessing = 0;
		};
/* End PBXResourcesBuildPhase section */

/* Begin PBXSourcesBuildPhase section */
		EA8461AD296CA8C40050B131 /* Sources */ = {
			isa = PBXSourcesBuildPhase;
			buildActionMask = 2147483647;
			files = (
				EA8461B5296CA8C40050B131 /* AppDelegate.swift in Sources */,
				EA2619EC2971BAB600181690 /* CombineHelpers.swift in Sources */,
				EA261A8D297F3F7400181690 /* NullStore.swift in Sources */,
				EA2619A8296F2D1500181690 /* LoadResourcePresentationAdapter.swift in Sources */,
				EA261A5C297B238400181690 /* CommentsViewAdapter.swift in Sources */,
				EA2619A9296F2D1500181690 /* FeedUIComposer.swift in Sources */,
				EA8461B7296CA8C40050B131 /* SceneDelegate.swift in Sources */,
				EA2619A5296F2D1500181690 /* WeakRefVirtualProxy.swift in Sources */,
				EA2619A7296F2D1500181690 /* FeedViewAdapter.swift in Sources */,
				EA261A5A297B115100181690 /* CommentsUIComposer.swift in Sources */,
			);
			runOnlyForDeploymentPostprocessing = 0;
		};
		EA8461D0296CAE990050B131 /* Sources */ = {
			isa = PBXSourcesBuildPhase;
			buildActionMask = 2147483647;
			files = (
				EA261A58297B100700181690 /* CommentsUIIntegrationTests.swift in Sources */,
				EA261997296F2D0700181690 /* UIControl+Simulation.swift in Sources */,
				EA2619AC296F2E5000181690 /* FeedAcceptanceTests.swift in Sources */,
				EA26199B296F2D0700181690 /* FeedUIIntegrationTests+LoaderSpy.swift in Sources */,
				EA26199C296F2D0700181690 /* ListViewController+TestHelpers.swift in Sources */,
				EA2619BA296F581700181690 /* HTTPClientStub.swift in Sources */,
				EA8461F3296E3B580050B131 /* XCTestCase+FeedLoader.swift in Sources */,
				EA261998296F2D0700181690 /* FeedUIIntegrationTests+Assertions.swift in Sources */,
				EA2619BC296F585700181690 /* InMemoryFeedStore.swift in Sources */,
				EA846214296F2AEE0050B131 /* SceneDelegateTests.swift in Sources */,
				EA261996296F2D0700181690 /* UIImage+Color.swift in Sources */,
				EA8461ED296E3A650050B131 /* XCTestCase+MemoryLeakTracking.swift in Sources */,
				EA8461EF296E3A8D0050B131 /* SharedTestHelpers.swift in Sources */,
				EA2619EA2970A90F00181690 /* UIView+TestHelpers.swift in Sources */,
				EA26199E296F2D0C00181690 /* FeedUIIntegrationTests.swift in Sources */,
				EA26199A296F2D0700181690 /* FeedImageCell+TestHelpers.swift in Sources */,
			);
			runOnlyForDeploymentPostprocessing = 0;
		};
/* End PBXSourcesBuildPhase section */

/* Begin PBXTargetDependency section */
		EA8461D9296CAE990050B131 /* PBXTargetDependency */ = {
			isa = PBXTargetDependency;
			target = EA8461B0296CA8C40050B131 /* EssentialApp */;
			targetProxy = EA8461D8296CAE990050B131 /* PBXContainerItemProxy */;
		};
/* End PBXTargetDependency section */

/* Begin PBXVariantGroup section */
		EA8461BF296CA8C50050B131 /* LaunchScreen.storyboard */ = {
			isa = PBXVariantGroup;
			children = (
				EA8461C0296CA8C50050B131 /* Base */,
			);
			name = LaunchScreen.storyboard;
			sourceTree = "<group>";
		};
/* End PBXVariantGroup section */

/* Begin XCBuildConfiguration section */
		EA8461C3296CA8C50050B131 /* Debug */ = {
			isa = XCBuildConfiguration;
			buildSettings = {
				ALWAYS_SEARCH_USER_PATHS = NO;
				ASSETCATALOG_COMPILER_GENERATE_SWIFT_ASSET_SYMBOL_EXTENSIONS = YES;
				CLANG_ANALYZER_NONNULL = YES;
				CLANG_ANALYZER_NUMBER_OBJECT_CONVERSION = YES_AGGRESSIVE;
				CLANG_CXX_LANGUAGE_STANDARD = "gnu++20";
				CLANG_ENABLE_MODULES = YES;
				CLANG_ENABLE_OBJC_ARC = YES;
				CLANG_ENABLE_OBJC_WEAK = YES;
				CLANG_WARN_BLOCK_CAPTURE_AUTORELEASING = YES;
				CLANG_WARN_BOOL_CONVERSION = YES;
				CLANG_WARN_COMMA = YES;
				CLANG_WARN_CONSTANT_CONVERSION = YES;
				CLANG_WARN_DEPRECATED_OBJC_IMPLEMENTATIONS = YES;
				CLANG_WARN_DIRECT_OBJC_ISA_USAGE = YES_ERROR;
				CLANG_WARN_DOCUMENTATION_COMMENTS = YES;
				CLANG_WARN_EMPTY_BODY = YES;
				CLANG_WARN_ENUM_CONVERSION = YES;
				CLANG_WARN_INFINITE_RECURSION = YES;
				CLANG_WARN_INT_CONVERSION = YES;
				CLANG_WARN_NON_LITERAL_NULL_CONVERSION = YES;
				CLANG_WARN_OBJC_IMPLICIT_RETAIN_SELF = YES;
				CLANG_WARN_OBJC_LITERAL_CONVERSION = YES;
				CLANG_WARN_OBJC_ROOT_CLASS = YES_ERROR;
				CLANG_WARN_QUOTED_INCLUDE_IN_FRAMEWORK_HEADER = YES;
				CLANG_WARN_RANGE_LOOP_ANALYSIS = YES;
				CLANG_WARN_STRICT_PROTOTYPES = YES;
				CLANG_WARN_SUSPICIOUS_MOVE = YES;
				CLANG_WARN_UNGUARDED_AVAILABILITY = YES_AGGRESSIVE;
				CLANG_WARN_UNREACHABLE_CODE = YES;
				CLANG_WARN__DUPLICATE_METHOD_MATCH = YES;
				COPY_PHASE_STRIP = NO;
				DEBUG_INFORMATION_FORMAT = dwarf;
				ENABLE_STRICT_OBJC_MSGSEND = YES;
				ENABLE_TESTABILITY = YES;
				ENABLE_USER_SCRIPT_SANDBOXING = YES;
				GCC_C_LANGUAGE_STANDARD = gnu11;
				GCC_DYNAMIC_NO_PIC = NO;
				GCC_NO_COMMON_BLOCKS = YES;
				GCC_OPTIMIZATION_LEVEL = 0;
				GCC_PREPROCESSOR_DEFINITIONS = (
					"DEBUG=1",
					"$(inherited)",
				);
				GCC_WARN_64_TO_32_BIT_CONVERSION = YES;
				GCC_WARN_ABOUT_RETURN_TYPE = YES_ERROR;
				GCC_WARN_UNDECLARED_SELECTOR = YES;
				GCC_WARN_UNINITIALIZED_AUTOS = YES_AGGRESSIVE;
				GCC_WARN_UNUSED_FUNCTION = YES;
				GCC_WARN_UNUSED_VARIABLE = YES;
				IPHONEOS_DEPLOYMENT_TARGET = 16.0;
				MTL_ENABLE_DEBUG_INFO = INCLUDE_SOURCE;
				MTL_FAST_MATH = YES;
				ONLY_ACTIVE_ARCH = YES;
				SDKROOT = iphoneos;
				SWIFT_ACTIVE_COMPILATION_CONDITIONS = DEBUG;
				SWIFT_OPTIMIZATION_LEVEL = "-Onone";
			};
			name = Debug;
		};
		EA8461C4296CA8C50050B131 /* Release */ = {
			isa = XCBuildConfiguration;
			buildSettings = {
				ALWAYS_SEARCH_USER_PATHS = NO;
				ASSETCATALOG_COMPILER_GENERATE_SWIFT_ASSET_SYMBOL_EXTENSIONS = YES;
				CLANG_ANALYZER_NONNULL = YES;
				CLANG_ANALYZER_NUMBER_OBJECT_CONVERSION = YES_AGGRESSIVE;
				CLANG_CXX_LANGUAGE_STANDARD = "gnu++20";
				CLANG_ENABLE_MODULES = YES;
				CLANG_ENABLE_OBJC_ARC = YES;
				CLANG_ENABLE_OBJC_WEAK = YES;
				CLANG_WARN_BLOCK_CAPTURE_AUTORELEASING = YES;
				CLANG_WARN_BOOL_CONVERSION = YES;
				CLANG_WARN_COMMA = YES;
				CLANG_WARN_CONSTANT_CONVERSION = YES;
				CLANG_WARN_DEPRECATED_OBJC_IMPLEMENTATIONS = YES;
				CLANG_WARN_DIRECT_OBJC_ISA_USAGE = YES_ERROR;
				CLANG_WARN_DOCUMENTATION_COMMENTS = YES;
				CLANG_WARN_EMPTY_BODY = YES;
				CLANG_WARN_ENUM_CONVERSION = YES;
				CLANG_WARN_INFINITE_RECURSION = YES;
				CLANG_WARN_INT_CONVERSION = YES;
				CLANG_WARN_NON_LITERAL_NULL_CONVERSION = YES;
				CLANG_WARN_OBJC_IMPLICIT_RETAIN_SELF = YES;
				CLANG_WARN_OBJC_LITERAL_CONVERSION = YES;
				CLANG_WARN_OBJC_ROOT_CLASS = YES_ERROR;
				CLANG_WARN_QUOTED_INCLUDE_IN_FRAMEWORK_HEADER = YES;
				CLANG_WARN_RANGE_LOOP_ANALYSIS = YES;
				CLANG_WARN_STRICT_PROTOTYPES = YES;
				CLANG_WARN_SUSPICIOUS_MOVE = YES;
				CLANG_WARN_UNGUARDED_AVAILABILITY = YES_AGGRESSIVE;
				CLANG_WARN_UNREACHABLE_CODE = YES;
				CLANG_WARN__DUPLICATE_METHOD_MATCH = YES;
				COPY_PHASE_STRIP = NO;
				DEBUG_INFORMATION_FORMAT = "dwarf-with-dsym";
				ENABLE_NS_ASSERTIONS = NO;
				ENABLE_STRICT_OBJC_MSGSEND = YES;
				ENABLE_USER_SCRIPT_SANDBOXING = YES;
				GCC_C_LANGUAGE_STANDARD = gnu11;
				GCC_NO_COMMON_BLOCKS = YES;
				GCC_WARN_64_TO_32_BIT_CONVERSION = YES;
				GCC_WARN_ABOUT_RETURN_TYPE = YES_ERROR;
				GCC_WARN_UNDECLARED_SELECTOR = YES;
				GCC_WARN_UNINITIALIZED_AUTOS = YES_AGGRESSIVE;
				GCC_WARN_UNUSED_FUNCTION = YES;
				GCC_WARN_UNUSED_VARIABLE = YES;
				IPHONEOS_DEPLOYMENT_TARGET = 16.0;
				MTL_ENABLE_DEBUG_INFO = NO;
				MTL_FAST_MATH = YES;
				SDKROOT = iphoneos;
				SWIFT_COMPILATION_MODE = wholemodule;
				SWIFT_OPTIMIZATION_LEVEL = "-O";
				VALIDATE_PRODUCT = YES;
			};
			name = Release;
		};
		EA8461C6296CA8C50050B131 /* Debug */ = {
			isa = XCBuildConfiguration;
			buildSettings = {
				ASSETCATALOG_COMPILER_APPICON_NAME = AppIcon;
				ASSETCATALOG_COMPILER_GLOBAL_ACCENT_COLOR_NAME = AccentColor;
				CODE_SIGN_STYLE = Automatic;
				DEVELOPMENT_TEAM = 6769452Z58;
				GENERATE_INFOPLIST_FILE = NO;
				INFOPLIST_FILE = EssentialApp/Info.plist;
				INFOPLIST_KEY_UIApplicationSupportsIndirectInputEvents = YES;
				INFOPLIST_KEY_UILaunchStoryboardName = LaunchScreen;
				INFOPLIST_KEY_UISupportedInterfaceOrientations = UIInterfaceOrientationPortrait;
				INFOPLIST_KEY_UISupportedInterfaceOrientations_iPad = "UIInterfaceOrientationLandscapeLeft UIInterfaceOrientationLandscapeRight UIInterfaceOrientationPortrait UIInterfaceOrientationPortraitUpsideDown";
				LD_RUNPATH_SEARCH_PATHS = (
					"$(inherited)",
					"@executable_path/Frameworks",
				);
				PRODUCT_BUNDLE_IDENTIFIER = com.distiil.EssentialApp;
				PRODUCT_NAME = "$(TARGET_NAME)";
				SUPPORTED_PLATFORMS = "iphoneos iphonesimulator";
				SUPPORTS_MACCATALYST = NO;
				SUPPORTS_MAC_DESIGNED_FOR_IPHONE_IPAD = NO;
				SWIFT_EMIT_LOC_STRINGS = YES;
				SWIFT_VERSION = 5.0;
				TARGETED_DEVICE_FAMILY = "1,2";
			};
			name = Debug;
		};
		EA8461C7296CA8C50050B131 /* Release */ = {
			isa = XCBuildConfiguration;
			buildSettings = {
				ASSETCATALOG_COMPILER_APPICON_NAME = AppIcon;
				ASSETCATALOG_COMPILER_GLOBAL_ACCENT_COLOR_NAME = AccentColor;
				"CODE_SIGN_IDENTITY[sdk=iphoneos*]" = "iPhone Distribution";
				CODE_SIGN_STYLE = Manual;
				DEVELOPMENT_TEAM = 6769452Z58;
				"DEVELOPMENT_TEAM[sdk=iphoneos*]" = 6769452Z58;
				GENERATE_INFOPLIST_FILE = NO;
				INFOPLIST_FILE = EssentialApp/Info.plist;
				INFOPLIST_KEY_UIApplicationSupportsIndirectInputEvents = YES;
				INFOPLIST_KEY_UILaunchStoryboardName = LaunchScreen;
				INFOPLIST_KEY_UISupportedInterfaceOrientations = UIInterfaceOrientationPortrait;
				INFOPLIST_KEY_UISupportedInterfaceOrientations_iPad = "UIInterfaceOrientationLandscapeLeft UIInterfaceOrientationLandscapeRight UIInterfaceOrientationPortrait UIInterfaceOrientationPortraitUpsideDown";
				LD_RUNPATH_SEARCH_PATHS = (
					"$(inherited)",
					"@executable_path/Frameworks",
				);
				PRODUCT_BUNDLE_IDENTIFIER = com.distiil.EssentialApp;
				PRODUCT_NAME = "$(TARGET_NAME)";
				PROVISIONING_PROFILE_SPECIFIER = "";
				"PROVISIONING_PROFILE_SPECIFIER[sdk=iphoneos*]" = Distribution;
				SUPPORTED_PLATFORMS = "iphoneos iphonesimulator";
				SUPPORTS_MACCATALYST = NO;
				SUPPORTS_MAC_DESIGNED_FOR_IPHONE_IPAD = NO;
				SWIFT_EMIT_LOC_STRINGS = YES;
				SWIFT_VERSION = 5.0;
				TARGETED_DEVICE_FAMILY = "1,2";
			};
			name = Release;
		};
		EA8461DA296CAE990050B131 /* Debug */ = {
			isa = XCBuildConfiguration;
			buildSettings = {
				BUNDLE_LOADER = "$(TEST_HOST)";
				CLANG_ENABLE_MODULES = YES;
				CODE_SIGN_STYLE = Automatic;
				CURRENT_PROJECT_VERSION = 1;
				DEVELOPMENT_TEAM = 6769452Z58;
				GENERATE_INFOPLIST_FILE = YES;
				LD_RUNPATH_SEARCH_PATHS = (
					"$(inherited)",
					"@executable_path/Frameworks",
					"@loader_path/Frameworks",
				);
				MARKETING_VERSION = 1.0;
				PRODUCT_BUNDLE_IDENTIFIER = com.distiil.EssentialAppTests;
				PRODUCT_NAME = "$(TARGET_NAME)";
				SUPPORTED_PLATFORMS = "iphoneos iphonesimulator";
				SUPPORTS_MACCATALYST = NO;
				SUPPORTS_MAC_DESIGNED_FOR_IPHONE_IPAD = NO;
				SWIFT_EMIT_LOC_STRINGS = NO;
				SWIFT_OPTIMIZATION_LEVEL = "-Onone";
				SWIFT_VERSION = 5.0;
				TARGETED_DEVICE_FAMILY = "1,2";
				TEST_HOST = "$(BUILT_PRODUCTS_DIR)/EssentialApp.app/$(BUNDLE_EXECUTABLE_FOLDER_PATH)/EssentialApp";
			};
			name = Debug;
		};
		EA8461DB296CAE990050B131 /* Release */ = {
			isa = XCBuildConfiguration;
			buildSettings = {
				BUNDLE_LOADER = "$(TEST_HOST)";
				CLANG_ENABLE_MODULES = YES;
				CODE_SIGN_STYLE = Automatic;
				CURRENT_PROJECT_VERSION = 1;
				DEVELOPMENT_TEAM = 6769452Z58;
				GENERATE_INFOPLIST_FILE = YES;
				LD_RUNPATH_SEARCH_PATHS = (
					"$(inherited)",
					"@executable_path/Frameworks",
					"@loader_path/Frameworks",
				);
				MARKETING_VERSION = 1.0;
				PRODUCT_BUNDLE_IDENTIFIER = com.distiil.EssentialAppTests;
				PRODUCT_NAME = "$(TARGET_NAME)";
				SUPPORTED_PLATFORMS = "iphoneos iphonesimulator";
				SUPPORTS_MACCATALYST = NO;
				SUPPORTS_MAC_DESIGNED_FOR_IPHONE_IPAD = NO;
				SWIFT_EMIT_LOC_STRINGS = NO;
				SWIFT_VERSION = 5.0;
				TARGETED_DEVICE_FAMILY = "1,2";
				TEST_HOST = "$(BUILT_PRODUCTS_DIR)/EssentialApp.app/$(BUNDLE_EXECUTABLE_FOLDER_PATH)/EssentialApp";
			};
			name = Release;
		};
/* End XCBuildConfiguration section */

/* Begin XCConfigurationList section */
		EA8461AC296CA8C40050B131 /* Build configuration list for PBXProject "EssentialApp" */ = {
			isa = XCConfigurationList;
			buildConfigurations = (
				EA8461C3296CA8C50050B131 /* Debug */,
				EA8461C4296CA8C50050B131 /* Release */,
			);
			defaultConfigurationIsVisible = 0;
			defaultConfigurationName = Release;
		};
		EA8461C5296CA8C50050B131 /* Build configuration list for PBXNativeTarget "EssentialApp" */ = {
			isa = XCConfigurationList;
			buildConfigurations = (
				EA8461C6296CA8C50050B131 /* Debug */,
				EA8461C7296CA8C50050B131 /* Release */,
			);
			defaultConfigurationIsVisible = 0;
			defaultConfigurationName = Release;
		};
		EA8461DC296CAE990050B131 /* Build configuration list for PBXNativeTarget "EssentialAppTests" */ = {
			isa = XCConfigurationList;
			buildConfigurations = (
				EA8461DA296CAE990050B131 /* Debug */,
				EA8461DB296CAE990050B131 /* Release */,
			);
			defaultConfigurationIsVisible = 0;
			defaultConfigurationName = Release;
		};
/* End XCConfigurationList section */
	};
	rootObject = EA8461A9296CA8C40050B131 /* Project object */;
}
